<?xml version="1.0" encoding="utf-8"?>
<Project ToolsVersion="4.0" xmlns="http://schemas.microsoft.com/developer/msbuild/2003">
  <ItemGroup>
    <Filter Include="Файлы исходного кода">
      <UniqueIdentifier>{4FC737F1-C7A5-4376-A066-2A32D752A2FF}</UniqueIdentifier>
      <Extensions>cpp;c;cc;cxx;def;odl;idl;hpj;bat;asm;asmx</Extensions>
    </Filter>
    <Filter Include="Заголовочные файлы">
      <UniqueIdentifier>{93995380-89BD-4b04-88EB-625FBE52EBFB}</UniqueIdentifier>
      <Extensions>h;hh;hpp;hxx;hm;inl;inc;xsd</Extensions>
    </Filter>
    <Filter Include="Файлы ресурсов">
      <UniqueIdentifier>{67DA6AB6-F800-4c08-8B7A-83BB121AAD01}</UniqueIdentifier>
      <Extensions>rc;ico;cur;bmp;dlg;rc2;rct;bin;rgs;gif;jpg;jpeg;jpe;resx;tiff;tif;png;wav;mfcribbon-ms</Extensions>
    </Filter>
  </ItemGroup>
  <ItemGroup>
    <Text Include="ReadMe.txt" />
  </ItemGroup>
  <ItemGroup>
    <ClInclude Include="stdafx.h">
      <Filter>Заголовочные файлы</Filter>
    </ClInclude>
    <ClInclude Include="targetver.h">
      <Filter>Заголовочные файлы</Filter>
    </ClInclude>
    <ClInclude Include="libs\Debug.h">
      <Filter>Заголовочные файлы</Filter>
    </ClInclude>
    <ClInclude Include="libs\draw.h">
      <Filter>Заголовочные файлы</Filter>
    </ClInclude>
    <ClInclude Include="libs\Enemy.h">
      <Filter>Заголовочные файлы</Filter>
    </ClInclude>
    <ClInclude Include="libs\Entity.h">
      <Filter>Заголовочные файлы</Filter>
    </ClInclude>
    <ClInclude Include="libs\gameengine.h">
      <Filter>Заголовочные файлы</Filter>
    </ClInclude>
    <ClInclude Include="libs\inventory.h">
      <Filter>Заголовочные файлы</Filter>
    </ClInclude>
    <ClInclude Include="libs\map.h">
      <Filter>Заголовочные файлы</Filter>
    </ClInclude>
    <ClInclude Include="libs\physics.h">
      <Filter>Заголовочные файлы</Filter>
    </ClInclude>
    <ClInclude Include="libs\Player.h">
      <Filter>Заголовочные файлы</Filter>
    </ClInclude>
    <ClInclude Include="libs\view.h">
      <Filter>Заголовочные файлы</Filter>
    </ClInclude>
    <ClInclude Include="resource.h">
      <Filter>Заголовочные файлы</Filter>
    </ClInclude>
    <ClInclude Include="libs\Animation.h">
      <Filter>Заголовочные файлы</Filter>
    </ClInclude>
    <ClInclude Include="libs\notmy\collision\Collision.h">
      <Filter>Заголовочные файлы</Filter>
    </ClInclude>
    <ClInclude Include="libs\notmy\spine\Animation.h">
      <Filter>Заголовочные файлы</Filter>
    </ClInclude>
    <ClInclude Include="libs\notmy\spine\AnimationState.h">
      <Filter>Заголовочные файлы</Filter>
    </ClInclude>
    <ClInclude Include="libs\notmy\spine\AnimationStateData.h">
      <Filter>Заголовочные файлы</Filter>
    </ClInclude>
    <ClInclude Include="libs\notmy\spine\Atlas.h">
      <Filter>Заголовочные файлы</Filter>
    </ClInclude>
    <ClInclude Include="libs\notmy\spine\AtlasAttachmentLoader.h">
      <Filter>Заголовочные файлы</Filter>
    </ClInclude>
    <ClInclude Include="libs\notmy\spine\Attachment.h">
      <Filter>Заголовочные файлы</Filter>
    </ClInclude>
    <ClInclude Include="libs\notmy\spine\AttachmentLoader.h">
      <Filter>Заголовочные файлы</Filter>
    </ClInclude>
    <ClInclude Include="libs\notmy\spine\Bone.h">
      <Filter>Заголовочные файлы</Filter>
    </ClInclude>
    <ClInclude Include="libs\notmy\spine\BoneData.h">
      <Filter>Заголовочные файлы</Filter>
    </ClInclude>
    <ClInclude Include="libs\notmy\spine\BoundingBoxAttachment.h">
      <Filter>Заголовочные файлы</Filter>
    </ClInclude>
    <ClInclude Include="libs\notmy\spine\Event.h">
      <Filter>Заголовочные файлы</Filter>
    </ClInclude>
    <ClInclude Include="libs\notmy\spine\EventData.h">
      <Filter>Заголовочные файлы</Filter>
    </ClInclude>
    <ClInclude Include="libs\notmy\spine\extension.h">
      <Filter>Заголовочные файлы</Filter>
    </ClInclude>
    <ClInclude Include="libs\notmy\spine\IkConstraint.h">
      <Filter>Заголовочные файлы</Filter>
    </ClInclude>
    <ClInclude Include="libs\notmy\spine\IkConstraintData.h">
      <Filter>Заголовочные файлы</Filter>
    </ClInclude>
    <ClInclude Include="libs\notmy\spine\Json.h">
      <Filter>Заголовочные файлы</Filter>
    </ClInclude>
    <ClInclude Include="libs\notmy\spine\kvec.h">
      <Filter>Заголовочные файлы</Filter>
    </ClInclude>
    <ClInclude Include="libs\notmy\spine\MeshAttachment.h">
      <Filter>Заголовочные файлы</Filter>
    </ClInclude>
    <ClInclude Include="libs\notmy\spine\PathAttachment.h">
      <Filter>Заголовочные файлы</Filter>
    </ClInclude>
    <ClInclude Include="libs\notmy\spine\PathConstraint.h">
      <Filter>Заголовочные файлы</Filter>
    </ClInclude>
    <ClInclude Include="libs\notmy\spine\PathConstraintData.h">
      <Filter>Заголовочные файлы</Filter>
    </ClInclude>
    <ClInclude Include="libs\notmy\spine\RegionAttachment.h">
      <Filter>Заголовочные файлы</Filter>
    </ClInclude>
    <ClInclude Include="libs\notmy\spine\Skeleton.h">
      <Filter>Заголовочные файлы</Filter>
    </ClInclude>
    <ClInclude Include="libs\notmy\spine\SkeletonBinary.h">
      <Filter>Заголовочные файлы</Filter>
    </ClInclude>
    <ClInclude Include="libs\notmy\spine\SkeletonBounds.h">
      <Filter>Заголовочные файлы</Filter>
    </ClInclude>
    <ClInclude Include="libs\notmy\spine\SkeletonData.h">
      <Filter>Заголовочные файлы</Filter>
    </ClInclude>
    <ClInclude Include="libs\notmy\spine\SkeletonJson.h">
      <Filter>Заголовочные файлы</Filter>
    </ClInclude>
    <ClInclude Include="libs\notmy\spine\Skin.h">
      <Filter>Заголовочные файлы</Filter>
    </ClInclude>
    <ClInclude Include="libs\notmy\spine\Slot.h">
      <Filter>Заголовочные файлы</Filter>
    </ClInclude>
    <ClInclude Include="libs\notmy\spine\SlotData.h">
      <Filter>Заголовочные файлы</Filter>
    </ClInclude>
    <ClInclude Include="libs\notmy\spine\spine.h">
      <Filter>Заголовочные файлы</Filter>
    </ClInclude>
    <ClInclude Include="libs\notmy\spine\spine-sfml.h">
      <Filter>Заголовочные файлы</Filter>
    </ClInclude>
    <ClInclude Include="libs\notmy\spine\TransformConstraint.h">
      <Filter>Заголовочные файлы</Filter>
    </ClInclude>
    <ClInclude Include="libs\notmy\spine\TransformConstraintData.h">
      <Filter>Заголовочные файлы</Filter>
    </ClInclude>
    <ClInclude Include="libs\notmy\spine\VertexAttachment.h">
      <Filter>Заголовочные файлы</Filter>
    </ClInclude>
  </ItemGroup>
  <ItemGroup>
    <ClCompile Include="stdafx.cpp">
      <Filter>Файлы исходного кода</Filter>
    </ClCompile>
    <ClCompile Include="main.cpp">
      <Filter>Файлы исходного кода</Filter>
    </ClCompile>
    <ClCompile Include="libs\notmy\collision\collision.cpp">
      <Filter>Файлы исходного кода</Filter>
    </ClCompile>
    <ClCompile Include="libs\notmy\spine\Animation.c">
      <Filter>Файлы исходного кода</Filter>
    </ClCompile>
    <ClCompile Include="libs\notmy\spine\AnimationState.c">
      <Filter>Файлы исходного кода</Filter>
    </ClCompile>
    <ClCompile Include="libs\notmy\spine\AnimationStateData.c">
      <Filter>Файлы исходного кода</Filter>
    </ClCompile>
    <ClCompile Include="libs\notmy\spine\Atlas.c">
      <Filter>Файлы исходного кода</Filter>
    </ClCompile>
    <ClCompile Include="libs\notmy\spine\AtlasAttachmentLoader.c">
      <Filter>Файлы исходного кода</Filter>
    </ClCompile>
    <ClCompile Include="libs\notmy\spine\Attachment.c">
      <Filter>Файлы исходного кода</Filter>
    </ClCompile>
    <ClCompile Include="libs\notmy\spine\AttachmentLoader.c">
      <Filter>Файлы исходного кода</Filter>
    </ClCompile>
    <ClCompile Include="libs\notmy\spine\Bone.c">
      <Filter>Файлы исходного кода</Filter>
    </ClCompile>
    <ClCompile Include="libs\notmy\spine\BoneData.c">
      <Filter>Файлы исходного кода</Filter>
    </ClCompile>
    <ClCompile Include="libs\notmy\spine\BoundingBoxAttachment.c">
      <Filter>Файлы исходного кода</Filter>
    </ClCompile>
    <ClCompile Include="libs\notmy\spine\Event.c">
      <Filter>Файлы исходного кода</Filter>
    </ClCompile>
    <ClCompile Include="libs\notmy\spine\EventData.c">
      <Filter>Файлы исходного кода</Filter>
    </ClCompile>
    <ClCompile Include="libs\notmy\spine\extension.c">
      <Filter>Файлы исходного кода</Filter>
    </ClCompile>
    <ClCompile Include="libs\notmy\spine\IkConstraint.c">
      <Filter>Файлы исходного кода</Filter>
    </ClCompile>
    <ClCompile Include="libs\notmy\spine\IkConstraintData.c">
      <Filter>Файлы исходного кода</Filter>
    </ClCompile>
    <ClCompile Include="libs\notmy\spine\Json.c">
      <Filter>Файлы исходного кода</Filter>
    </ClCompile>
    <ClCompile Include="libs\notmy\spine\MeshAttachment.c">
      <Filter>Файлы исходного кода</Filter>
    </ClCompile>
    <ClCompile Include="libs\notmy\spine\PathAttachment.c">
      <Filter>Файлы исходного кода</Filter>
    </ClCompile>
    <ClCompile Include="libs\notmy\spine\PathConstraint.c">
      <Filter>Файлы исходного кода</Filter>
    </ClCompile>
    <ClCompile Include="libs\notmy\spine\PathConstraintData.c">
      <Filter>Файлы исходного кода</Filter>
    </ClCompile>
    <ClCompile Include="libs\notmy\spine\RegionAttachment.c">
      <Filter>Файлы исходного кода</Filter>
    </ClCompile>
    <ClCompile Include="libs\notmy\spine\Skeleton.c">
      <Filter>Файлы исходного кода</Filter>
    </ClCompile>
    <ClCompile Include="libs\notmy\spine\SkeletonBinary.c">
      <Filter>Файлы исходного кода</Filter>
    </ClCompile>
    <ClCompile Include="libs\notmy\spine\SkeletonBounds.c">
      <Filter>Файлы исходного кода</Filter>
    </ClCompile>
    <ClCompile Include="libs\notmy\spine\SkeletonData.c">
      <Filter>Файлы исходного кода</Filter>
    </ClCompile>
    <ClCompile Include="libs\notmy\spine\SkeletonJson.c">
      <Filter>Файлы исходного кода</Filter>
    </ClCompile>
    <ClCompile Include="libs\notmy\spine\Skin.c">
      <Filter>Файлы исходного кода</Filter>
    </ClCompile>
    <ClCompile Include="libs\notmy\spine\Slot.c">
      <Filter>Файлы исходного кода</Filter>
    </ClCompile>
    <ClCompile Include="libs\notmy\spine\SlotData.c">
      <Filter>Файлы исходного кода</Filter>
    </ClCompile>
    <ClCompile Include="libs\notmy\spine\spine-sfml.cpp">
      <Filter>Файлы исходного кода</Filter>
    </ClCompile>
    <ClCompile Include="libs\notmy\spine\TransformConstraint.c">
      <Filter>Файлы исходного кода</Filter>
    </ClCompile>
    <ClCompile Include="libs\notmy\spine\TransformConstraintData.c">
      <Filter>Файлы исходного кода</Filter>
    </ClCompile>
    <ClCompile Include="libs\notmy\spine\VertexAttachment.c">
      <Filter>Файлы исходного кода</Filter>
    </ClCompile>
  </ItemGroup>
  <ItemGroup>
    <ResourceCompile Include="SFML.rc">
      <Filter>Файлы ресурсов</Filter>
    </ResourceCompile>
  </ItemGroup>
</Project>